
Microsoft Visual Studio Solution File, Format Version 12.00
Project("{FAE04EC0-301F-11D3-BF4B-00C04F79EFBC}") = "GithubAPICSharp", "GithubAPICSharp.csproj", "{FC87A6E6-DDFB-49D4-BE4C-6A0B1153A73E}"
EndProject
Global
	GlobalSection(SolutionConfigurationPlatforms) = preSolution
		Debug|Any CPU = Debug|Any CPU
		Release|Any CPU = Release|Any CPU
	EndGlobalSection
	GlobalSection(ProjectConfigurationPlatforms) = postSolution
		{FC87A6E6-DDFB-49D4-BE4C-6A0B1153A73E}.Debug|Any CPU.ActiveCfg = Debug|Any CPU
		{FC87A6E6-DDFB-49D4-BE4C-6A0B1153A73E}.Debug|Any CPU.Build.0 = Debug|Any CPU
		{FC87A6E6-DDFB-49D4-BE4C-6A0B1153A73E}.Release|Any CPU.ActiveCfg = Release|Any CPU
		{FC87A6E6-DDFB-49D4-BE4C-6A0B1153A73E}.Release|Any CPU.Build.0 = Release|Any CPU
	EndGlobalSection
EndGlobal
